// !$*UTF8*$!
{
	archiveVersion = 1;
	classes = {
	};
	objectVersion = 56;
	objects = {

/* Begin PBXBuildFile section */
		08046D709D1679BC0C4CB058 /* CalibrationHUD.swift in Sources */ = {isa = PBXBuildFile; fileRef = B0940BB42E84B770B466CE52 /* CalibrationHUD.swift */; };
		09129BBDD50D366E174FB954 /* ResultsView.swift in Sources */ = {isa = PBXBuildFile; fileRef = DDFBCCE1C047A52FF6435BD3 /* ResultsView.swift */; };
		0ED64AD3BAAB17F35B9316BE /* CaptureProgressView.swift in Sources */ = {isa = PBXBuildFile; fileRef = 8A548F59135F13F2BFD33142 /* CaptureProgressView.swift */; };
		27A3431DCE9C2704F143E615 /* MetricsResultView.swift in Sources */ = {isa = PBXBuildFile; fileRef = 01AEC82D71A1C81565BFFE22 /* MetricsResultView.swift */; };
		2E2479735CE96DCA940D4218 /* ImageProcessing.swift in Sources */ = {isa = PBXBuildFile; fileRef = 2DDAE783D98F744605993B48 /* ImageProcessing.swift */; };
		2ED9F2B2947A78816B846090 /* CalibrationMetrics.swift in Sources */ = {isa = PBXBuildFile; fileRef = 93F73D21D967A542F53A0986 /* CalibrationMetrics.swift */; };
		301134FA87F16A1E1691883E /* CameraView.swift in Sources */ = {isa = PBXBuildFile; fileRef = 4222151BC2673775D9BBCC37 /* CameraView.swift */; };
		3302E014AB46CE278CD4858A /* FaceDetector.swift in Sources */ = {isa = PBXBuildFile; fileRef = 940BE7238983731A270B4FE5 /* FaceDetector.swift */; };
		33BB8CBC3FF0BB8AFC4DC249 /* ROIBuilder.swift in Sources */ = {isa = PBXBuildFile; fileRef = 858CE7659093DAB2D88FCB82 /* ROIBuilder.swift */; };
		387EA44D181C23B1D010F57E /* Assets.xcassets in Resources */ = {isa = PBXBuildFile; fileRef = 91F24005A2AE3DF899E6C6CD /* Assets.xcassets */; };
		424C1E78B6074B5FB05D9E58 /* VisionAnalyzer.swift in Sources */ = {isa = PBXBuildFile; fileRef = 655137907D09ADAE0D8B5125 /* VisionAnalyzer.swift */; };
		44B6FB58E9211641FD035B01 /* FaceLandmarksOverlay.swift in Sources */ = {isa = PBXBuildFile; fileRef = F8333B7F46ED74A08F26C983 /* FaceLandmarksOverlay.swift */; };
		45BCBE6A7DA52C7B2BAB6395 /* ScoringEngine.swift in Sources */ = {isa = PBXBuildFile; fileRef = ACDADC842756924BFED1EE7C /* ScoringEngine.swift */; };
		4834252F636D33EA07325745 /* ROIOverlay.swift in Sources */ = {isa = PBXBuildFile; fileRef = 7542B58465F8A1FD58CB4FAD /* ROIOverlay.swift */; };
		4D0C9F7273A1A576CDCEA25F /* ScoreSummaryView.swift in Sources */ = {isa = PBXBuildFile; fileRef = 0B94A9E3E893D23161EAF918 /* ScoreSummaryView.swift */; };
		5236B36733863D9CB42CE84F /* DeviceInfoView.swift in Sources */ = {isa = PBXBuildFile; fileRef = A8D38DFB0D332544215A60BB /* DeviceInfoView.swift */; };
		57554CF79EDF5E81F37860FC /* CaptureController.swift in Sources */ = {isa = PBXBuildFile; fileRef = B82F926FC09A97E06DAF0455 /* CaptureController.swift */; };
		58FE0A48499B230BE011BCD9 /* PersistenceController.swift in Sources */ = {isa = PBXBuildFile; fileRef = 40D992ED294D025F0611FE1A /* PersistenceController.swift */; };
		631894B22B7998F6568F6BA5 /* ResultsHistoryView.swift in Sources */ = {isa = PBXBuildFile; fileRef = F8B70F0B959EC3FE26AE375A /* ResultsHistoryView.swift */; };
		6999EC11B2D82EC1CC734BFF /* MetricsCalculator.swift in Sources */ = {isa = PBXBuildFile; fileRef = 4A2E9A1846B45343B1E18608 /* MetricsCalculator.swift */; };
		6DDC97E9E32E6B6358593362 /* CameraSession.swift in Sources */ = {isa = PBXBuildFile; fileRef = 6D8CD00CE99E68EDEF99B5C4 /* CameraSession.swift */; };
		7504BADD6ECD34889A0F6737 /* DataModels.swift in Sources */ = {isa = PBXBuildFile; fileRef = 15F19B71C21AE78FAFE3B238 /* DataModels.swift */; };
		78E23AE0422CAFF700B6F144 /* OnboardingModels.swift in Sources */ = {isa = PBXBuildFile; fileRef = BC14F448127A6B3CBDCC64CD /* OnboardingModels.swift */; };
		7C2B7278CEA7EED77B901CBE /* SessionResult.swift in Sources */ = {isa = PBXBuildFile; fileRef = 4D6A574EE79F95DE4771AE2F /* SessionResult.swift */; };
		7F9126A77A6AAFC4A0F8618E /* ResultsDetailView.swift in Sources */ = {isa = PBXBuildFile; fileRef = 5BB222BF68912FD4490F011F /* ResultsDetailView.swift */; };
		83A8F967BF21517F32CFF3AF /* CaptureModels.swift in Sources */ = {isa = PBXBuildFile; fileRef = 0F0430D0449846700C45A3BF /* CaptureModels.swift */; };
		85B225A1258741D81AB68D02 /* FaceDetectionModels.swift in Sources */ = {isa = PBXBuildFile; fileRef = C7BA01FF3F3E5EB2FCD45644 /* FaceDetectionModels.swift */; };
		8813B4138B170C6E262B34BB /* DebugOverlayView.swift in Sources */ = {isa = PBXBuildFile; fileRef = 51E00EE4E2FDA9B8A3F41D0F /* DebugOverlayView.swift */; };
		8A6633F3F2376A2A63F34A71 /* DesignSystem.swift in Sources */ = {isa = PBXBuildFile; fileRef = D0BD86D4127142F047B93AE8 /* DesignSystem.swift */; };
		990193BB8504384EF751D4BA /* HeatmapView.swift in Sources */ = {isa = PBXBuildFile; fileRef = 5539BA74BEFEA8BA4CBFE199 /* HeatmapView.swift */; };
		9DD7BCCC75BCB878095E8458 /* LoadingOverlay.swift in Sources */ = {isa = PBXBuildFile; fileRef = F485CFDFBB3BC5450141CECC /* LoadingOverlay.swift */; };
		9E73F4E37A9B33D97D02F497 /* LoadingView.swift in Sources */ = {isa = PBXBuildFile; fileRef = 96CB7CC50A7792C8D726C5B5 /* LoadingView.swift */; };
		9EF391F048FB0C7D04F96C11 /* DebugViewModel.swift in Sources */ = {isa = PBXBuildFile; fileRef = 2897F496111551943C94C653 /* DebugViewModel.swift */; };
		9F58DC53D56DE8F1354D90C7 /* FaceAlignmentExample.swift in Sources */ = {isa = PBXBuildFile; fileRef = 363E7A11D038CE86D5BBA7FD /* FaceAlignmentExample.swift */; };
		A7248E231FBEC16FEACD33F2 /* MetricsComputer.swift in Sources */ = {isa = PBXBuildFile; fileRef = D1F1C020EED5E45BF6DA965C /* MetricsComputer.swift */; };
		AC27BFE9B484F3551DD48872 /* CameraViewModel.swift in Sources */ = {isa = PBXBuildFile; fileRef = D355C52AE413AA1CE41382BA /* CameraViewModel.swift */; };
		AE30DDFCA04D41E27B0F6C53 /* TaviApp.swift in Sources */ = {isa = PBXBuildFile; fileRef = 6443DBFB3E874CEA345DAA09 /* TaviApp.swift */; };
		B771F8D37578BD7C2BB4475C /* StorageManager.swift in Sources */ = {isa = PBXBuildFile; fileRef = 57BA24C69212721BFD23E7BC /* StorageManager.swift */; };
		C05D2B5B5A458222F45C83A6 /* PrimaryButton.swift in Sources */ = {isa = PBXBuildFile; fileRef = 5F48D69AAF2DC0D91FDD8538 /* PrimaryButton.swift */; };
		C4D7F365BC5437FEE3ABD5D6 /* MetricsModels.swift in Sources */ = {isa = PBXBuildFile; fileRef = 524AF1E484DFC80DD5D15D14 /* MetricsModels.swift */; };
		C6C6A38054F9EB9262A0734C /* FaceScan3DViewModel.swift in Sources */ = {isa = PBXBuildFile; fileRef = 32E9C2851A3397EED69A5216 /* FaceScan3DViewModel.swift */; };
		CC7B8C2E9C37F658BFC1565C /* CaptureSettingsView.swift in Sources */ = {isa = PBXBuildFile; fileRef = 044D057B2332EE5AD613587E /* CaptureSettingsView.swift */; };
		D148518AD0932CEC45C3AF44 /* ResultsViewModel.swift in Sources */ = {isa = PBXBuildFile; fileRef = 1E02F0705EDBE5D446F56015 /* ResultsViewModel.swift */; };
		D2D4A53B0B82A6412F7CC44C /* ScoringModels.swift in Sources */ = {isa = PBXBuildFile; fileRef = 850363E49E1D6E72A8BDFEB6 /* ScoringModels.swift */; };
		D6DA4E3377BDEB966B7D25A8 /* HistogramView.swift in Sources */ = {isa = PBXBuildFile; fileRef = 236B45B569B80ED889356114 /* HistogramView.swift */; };
		D940EC864FCFBCBA55334682 /* OnboardingView.swift in Sources */ = {isa = PBXBuildFile; fileRef = FC22071ADA2F86F23F0DB7E6 /* OnboardingView.swift */; };
		D9557E68BD1C052EFC6A8B44 /* Scan3DFlowView.swift in Sources */ = {isa = PBXBuildFile; fileRef = 6354129B4D1A5E51EFEC268E /* Scan3DFlowView.swift */; };
		DB3C28F518ABEDD9216DD79F /* ROIModels.swift in Sources */ = {isa = PBXBuildFile; fileRef = 129DF55C2A26D686A147DFB0 /* ROIModels.swift */; };
		DCA2D368A17A58EA2523D961 /* ContentView.swift in Sources */ = {isa = PBXBuildFile; fileRef = 2E3DBF285C5DADA52D928494 /* ContentView.swift */; };
		DD014A3B9DBA8EF93501F535 /* DebugScreen.swift in Sources */ = {isa = PBXBuildFile; fileRef = D78D8B316CB23CDC24985ABB /* DebugScreen.swift */; };
		E71AB09BBBA934371BEA00D2 /* HeatmapGenerator.swift in Sources */ = {isa = PBXBuildFile; fileRef = 75977CFD69737D1F047664D7 /* HeatmapGenerator.swift */; };
		E84A6732C4842F07FCBAEEEB /* DeviceCapabilities.swift in Sources */ = {isa = PBXBuildFile; fileRef = 6583C8C7B7CD1CFBD9628CCE /* DeviceCapabilities.swift */; };
		ECF0CD0C869751BB662F5E00 /* HapticManager.swift in Sources */ = {isa = PBXBuildFile; fileRef = 93CBACD6B443708BB65A7318 /* HapticManager.swift */; };
		EE07F81193BA34EBD152B6E6 /* CameraManager.swift in Sources */ = {isa = PBXBuildFile; fileRef = C66EC095CFEBD1A62F9D8755 /* CameraManager.swift */; };
		EF5777CB4611A7035FC46478 /* SAVE_INTEGRATION_EXAMPLE.swift in Sources */ = {isa = PBXBuildFile; fileRef = 4C28852ED4B7EF9B241CC81A /* SAVE_INTEGRATION_EXAMPLE.swift */; };
		F93057A1D3437BEA8EAD954A /* CardView.swift in Sources */ = {isa = PBXBuildFile; fileRef = 3A7AE67C81902D02F8B5C22C /* CardView.swift */; };
/* End PBXBuildFile section */

/* Begin PBXFileReference section */
		01AEC82D71A1C81565BFFE22 /* MetricsResultView.swift */ = {isa = PBXFileReference; includeInIndex = 1; lastKnownFileType = sourcecode.swift; name = MetricsResultView.swift; path = Shared/UI/MetricsResultView.swift; sourceTree = "<group>"; };
		044D057B2332EE5AD613587E /* CaptureSettingsView.swift */ = {isa = PBXFileReference; includeInIndex = 1; lastKnownFileType = sourcecode.swift; name = CaptureSettingsView.swift; path = Features/Settings/CaptureSettingsView.swift; sourceTree = "<group>"; };
		0B94A9E3E893D23161EAF918 /* ScoreSummaryView.swift */ = {isa = PBXFileReference; includeInIndex = 1; lastKnownFileType = sourcecode.swift; name = ScoreSummaryView.swift; path = Shared/UI/ScoreSummaryView.swift; sourceTree = "<group>"; };
		0F0430D0449846700C45A3BF /* CaptureModels.swift */ = {isa = PBXFileReference; includeInIndex = 1; lastKnownFileType = sourcecode.swift; name = CaptureModels.swift; path = Features/Camera/CaptureModels.swift; sourceTree = "<group>"; };
		129DF55C2A26D686A147DFB0 /* ROIModels.swift */ = {isa = PBXFileReference; includeInIndex = 1; lastKnownFileType = sourcecode.swift; name = ROIModels.swift; path = Core/ModelsKit/ROIModels.swift; sourceTree = "<group>"; };
		15F19B71C21AE78FAFE3B238 /* DataModels.swift */ = {isa = PBXFileReference; includeInIndex = 1; lastKnownFileType = sourcecode.swift; name = DataModels.swift; path = Core/ModelsKit/DataModels.swift; sourceTree = "<group>"; };
		1E02F0705EDBE5D446F56015 /* ResultsViewModel.swift */ = {isa = PBXFileReference; includeInIndex = 1; lastKnownFileType = sourcecode.swift; name = ResultsViewModel.swift; path = Features/Results/ResultsViewModel.swift; sourceTree = "<group>"; };
		236B45B569B80ED889356114 /* HistogramView.swift */ = {isa = PBXFileReference; includeInIndex = 1; lastKnownFileType = sourcecode.swift; name = HistogramView.swift; path = Features/Debug/HistogramView.swift; sourceTree = "<group>"; };
		2897F496111551943C94C653 /* DebugViewModel.swift */ = {isa = PBXFileReference; includeInIndex = 1; lastKnownFileType = sourcecode.swift; name = DebugViewModel.swift; path = Features/Debug/DebugViewModel.swift; sourceTree = "<group>"; };
		2DDAE783D98F744605993B48 /* ImageProcessing.swift */ = {isa = PBXFileReference; includeInIndex = 1; lastKnownFileType = sourcecode.swift; name = ImageProcessing.swift; path = Core/VisionKit/ImageProcessing.swift; sourceTree = "<group>"; };
		2E3DBF285C5DADA52D928494 /* ContentView.swift */ = {isa = PBXFileReference; includeInIndex = 1; lastKnownFileType = sourcecode.swift; path = ContentView.swift; sourceTree = "<group>"; };
		32E9C2851A3397EED69A5216 /* FaceScan3DViewModel.swift */ = {isa = PBXFileReference; includeInIndex = 1; lastKnownFileType = sourcecode.swift; name = FaceScan3DViewModel.swift; path = Tavi/Features/FaceScan3D/ViewModels/FaceScan3DViewModel.swift; sourceTree = "<group>"; };
		363E7A11D038CE86D5BBA7FD /* FaceAlignmentExample.swift */ = {isa = PBXFileReference; includeInIndex = 1; lastKnownFileType = sourcecode.swift; name = FaceAlignmentExample.swift; path = Core/VisionKit/FaceAlignmentExample.swift; sourceTree = "<group>"; };
		3A7AE67C81902D02F8B5C22C /* CardView.swift */ = {isa = PBXFileReference; includeInIndex = 1; lastKnownFileType = sourcecode.swift; name = CardView.swift; path = Shared/UI/CardView.swift; sourceTree = "<group>"; };
		40D992ED294D025F0611FE1A /* PersistenceController.swift */ = {isa = PBXFileReference; includeInIndex = 1; lastKnownFileType = sourcecode.swift; name = PersistenceController.swift; path = Core/StorageKit/PersistenceController.swift; sourceTree = "<group>"; };
		4222151BC2673775D9BBCC37 /* CameraView.swift */ = {isa = PBXFileReference; includeInIndex = 1; lastKnownFileType = sourcecode.swift; name = CameraView.swift; path = Features/Camera/CameraView.swift; sourceTree = "<group>"; };
		4A2E9A1846B45343B1E18608 /* MetricsCalculator.swift */ = {isa = PBXFileReference; includeInIndex = 1; lastKnownFileType = sourcecode.swift; name = MetricsCalculator.swift; path = Core/MetricsKit/MetricsCalculator.swift; sourceTree = "<group>"; };
		4C28852ED4B7EF9B241CC81A /* SAVE_INTEGRATION_EXAMPLE.swift */ = {isa = PBXFileReference; includeInIndex = 1; lastKnownFileType = sourcecode.swift; name = SAVE_INTEGRATION_EXAMPLE.swift; path = Features/Camera/SAVE_INTEGRATION_EXAMPLE.swift; sourceTree = "<group>"; };
		4D6A574EE79F95DE4771AE2F /* SessionResult.swift */ = {isa = PBXFileReference; includeInIndex = 1; lastKnownFileType = sourcecode.swift; name = SessionResult.swift; path = Core/StorageKit/SessionResult.swift; sourceTree = "<group>"; };
		51E00EE4E2FDA9B8A3F41D0F /* DebugOverlayView.swift */ = {isa = PBXFileReference; includeInIndex = 1; lastKnownFileType = sourcecode.swift; name = DebugOverlayView.swift; path = Features/Debug/DebugOverlayView.swift; sourceTree = "<group>"; };
		524AF1E484DFC80DD5D15D14 /* MetricsModels.swift */ = {isa = PBXFileReference; includeInIndex = 1; lastKnownFileType = sourcecode.swift; name = MetricsModels.swift; path = Core/MetricsKit/MetricsModels.swift; sourceTree = "<group>"; };
		5539BA74BEFEA8BA4CBFE199 /* HeatmapView.swift */ = {isa = PBXFileReference; includeInIndex = 1; lastKnownFileType = sourcecode.swift; name = HeatmapView.swift; path = Shared/UI/HeatmapView.swift; sourceTree = "<group>"; };
		57BA24C69212721BFD23E7BC /* StorageManager.swift */ = {isa = PBXFileReference; includeInIndex = 1; lastKnownFileType = sourcecode.swift; name = StorageManager.swift; path = Core/StorageKit/StorageManager.swift; sourceTree = "<group>"; };
		5BB222BF68912FD4490F011F /* ResultsDetailView.swift */ = {isa = PBXFileReference; includeInIndex = 1; lastKnownFileType = sourcecode.swift; name = ResultsDetailView.swift; path = Features/Results/ResultsDetailView.swift; sourceTree = "<group>"; };
		5F48D69AAF2DC0D91FDD8538 /* PrimaryButton.swift */ = {isa = PBXFileReference; includeInIndex = 1; lastKnownFileType = sourcecode.swift; name = PrimaryButton.swift; path = Shared/UI/PrimaryButton.swift; sourceTree = "<group>"; };
		6354129B4D1A5E51EFEC268E /* Scan3DFlowView.swift */ = {isa = PBXFileReference; includeInIndex = 1; lastKnownFileType = sourcecode.swift; name = Scan3DFlowView.swift; path = Tavi/Features/FaceScan3D/Views/Scan3DFlowView.swift; sourceTree = "<group>"; };
		6443DBFB3E874CEA345DAA09 /* TaviApp.swift */ = {isa = PBXFileReference; includeInIndex = 1; lastKnownFileType = sourcecode.swift; path = TaviApp.swift; sourceTree = "<group>"; };
		655137907D09ADAE0D8B5125 /* VisionAnalyzer.swift */ = {isa = PBXFileReference; includeInIndex = 1; lastKnownFileType = sourcecode.swift; name = VisionAnalyzer.swift; path = Core/VisionKit/VisionAnalyzer.swift; sourceTree = "<group>"; };
		6583C8C7B7CD1CFBD9628CCE /* DeviceCapabilities.swift */ = {isa = PBXFileReference; includeInIndex = 1; lastKnownFileType = sourcecode.swift; name = DeviceCapabilities.swift; path = Core/ModelsKit/DeviceCapabilities.swift; sourceTree = "<group>"; };
		68F130A4D45C1971196D9FCE /* Info.plist */ = {isa = PBXFileReference; includeInIndex = 1; lastKnownFileType = text.plist.xml; path = Info.plist; sourceTree = "<group>"; };
		6D8CD00CE99E68EDEF99B5C4 /* CameraSession.swift */ = {isa = PBXFileReference; includeInIndex = 1; lastKnownFileType = sourcecode.swift; name = CameraSession.swift; path = Core/CameraKit/CameraSession.swift; sourceTree = "<group>"; };
		7542B58465F8A1FD58CB4FAD /* ROIOverlay.swift */ = {isa = PBXFileReference; includeInIndex = 1; lastKnownFileType = sourcecode.swift; name = ROIOverlay.swift; path = Shared/UI/ROIOverlay.swift; sourceTree = "<group>"; };
		75977CFD69737D1F047664D7 /* HeatmapGenerator.swift */ = {isa = PBXFileReference; includeInIndex = 1; lastKnownFileType = sourcecode.swift; name = HeatmapGenerator.swift; path = Core/VisionKit/HeatmapGenerator.swift; sourceTree = "<group>"; };
		850363E49E1D6E72A8BDFEB6 /* ScoringModels.swift */ = {isa = PBXFileReference; includeInIndex = 1; lastKnownFileType = sourcecode.swift; name = ScoringModels.swift; path = Core/MetricsKit/ScoringModels.swift; sourceTree = "<group>"; };
		858CE7659093DAB2D88FCB82 /* ROIBuilder.swift */ = {isa = PBXFileReference; includeInIndex = 1; lastKnownFileType = sourcecode.swift; name = ROIBuilder.swift; path = Core/VisionKit/ROIBuilder.swift; sourceTree = "<group>"; };
		8A548F59135F13F2BFD33142 /* CaptureProgressView.swift */ = {isa = PBXFileReference; includeInIndex = 1; lastKnownFileType = sourcecode.swift; name = CaptureProgressView.swift; path = Shared/UI/CaptureProgressView.swift; sourceTree = "<group>"; };
		91F24005A2AE3DF899E6C6CD /* Assets.xcassets */ = {isa = PBXFileReference; includeInIndex = 1; lastKnownFileType = folder.assetcatalog; path = Assets.xcassets; sourceTree = "<group>"; };
		93CBACD6B443708BB65A7318 /* HapticManager.swift */ = {isa = PBXFileReference; includeInIndex = 1; lastKnownFileType = sourcecode.swift; name = HapticManager.swift; path = Core/HapticManager.swift; sourceTree = "<group>"; };
		93F73D21D967A542F53A0986 /* CalibrationMetrics.swift */ = {isa = PBXFileReference; includeInIndex = 1; lastKnownFileType = sourcecode.swift; name = CalibrationMetrics.swift; path = Core/ModelsKit/CalibrationMetrics.swift; sourceTree = "<group>"; };
		940BE7238983731A270B4FE5 /* FaceDetector.swift */ = {isa = PBXFileReference; includeInIndex = 1; lastKnownFileType = sourcecode.swift; name = FaceDetector.swift; path = Core/VisionKit/FaceDetector.swift; sourceTree = "<group>"; };
		96CB7CC50A7792C8D726C5B5 /* LoadingView.swift */ = {isa = PBXFileReference; includeInIndex = 1; lastKnownFileType = sourcecode.swift; name = LoadingView.swift; path = Shared/UI/LoadingView.swift; sourceTree = "<group>"; };
		A8D38DFB0D332544215A60BB /* DeviceInfoView.swift */ = {isa = PBXFileReference; includeInIndex = 1; lastKnownFileType = sourcecode.swift; name = DeviceInfoView.swift; path = Features/Settings/DeviceInfoView.swift; sourceTree = "<group>"; };
		ACDADC842756924BFED1EE7C /* ScoringEngine.swift */ = {isa = PBXFileReference; includeInIndex = 1; lastKnownFileType = sourcecode.swift; name = ScoringEngine.swift; path = Core/MetricsKit/ScoringEngine.swift; sourceTree = "<group>"; };
		B0940BB42E84B770B466CE52 /* CalibrationHUD.swift */ = {isa = PBXFileReference; includeInIndex = 1; lastKnownFileType = sourcecode.swift; name = CalibrationHUD.swift; path = Shared/UI/CalibrationHUD.swift; sourceTree = "<group>"; };
		B82F926FC09A97E06DAF0455 /* CaptureController.swift */ = {isa = PBXFileReference; includeInIndex = 1; lastKnownFileType = sourcecode.swift; name = CaptureController.swift; path = Features/Camera/CaptureController.swift; sourceTree = "<group>"; };
		BC14F448127A6B3CBDCC64CD /* OnboardingModels.swift */ = {isa = PBXFileReference; includeInIndex = 1; lastKnownFileType = sourcecode.swift; name = OnboardingModels.swift; path = Features/Onboarding/OnboardingModels.swift; sourceTree = "<group>"; };
		C66EC095CFEBD1A62F9D8755 /* CameraManager.swift */ = {isa = PBXFileReference; includeInIndex = 1; lastKnownFileType = sourcecode.swift; name = CameraManager.swift; path = Core/CameraKit/CameraManager.swift; sourceTree = "<group>"; };
		C7BA01FF3F3E5EB2FCD45644 /* FaceDetectionModels.swift */ = {isa = PBXFileReference; includeInIndex = 1; lastKnownFileType = sourcecode.swift; name = FaceDetectionModels.swift; path = Core/ModelsKit/FaceDetectionModels.swift; sourceTree = "<group>"; };
		D0BD86D4127142F047B93AE8 /* DesignSystem.swift */ = {isa = PBXFileReference; includeInIndex = 1; lastKnownFileType = sourcecode.swift; name = DesignSystem.swift; path = Shared/UI/DesignSystem.swift; sourceTree = "<group>"; };
		D1F1C020EED5E45BF6DA965C /* MetricsComputer.swift */ = {isa = PBXFileReference; includeInIndex = 1; lastKnownFileType = sourcecode.swift; name = MetricsComputer.swift; path = Core/MetricsKit/MetricsComputer.swift; sourceTree = "<group>"; };
		D355C52AE413AA1CE41382BA /* CameraViewModel.swift */ = {isa = PBXFileReference; includeInIndex = 1; lastKnownFileType = sourcecode.swift; name = CameraViewModel.swift; path = Features/Camera/CameraViewModel.swift; sourceTree = "<group>"; };
		D78D8B316CB23CDC24985ABB /* DebugScreen.swift */ = {isa = PBXFileReference; includeInIndex = 1; lastKnownFileType = sourcecode.swift; name = DebugScreen.swift; path = Features/Debug/DebugScreen.swift; sourceTree = "<group>"; };
		DDFBCCE1C047A52FF6435BD3 /* ResultsView.swift */ = {isa = PBXFileReference; includeInIndex = 1; lastKnownFileType = sourcecode.swift; name = ResultsView.swift; path = Features/Results/ResultsView.swift; sourceTree = "<group>"; };
		F485CFDFBB3BC5450141CECC /* LoadingOverlay.swift */ = {isa = PBXFileReference; includeInIndex = 1; lastKnownFileType = sourcecode.swift; name = LoadingOverlay.swift; path = Shared/UI/LoadingOverlay.swift; sourceTree = "<group>"; };
		F8333B7F46ED74A08F26C983 /* FaceLandmarksOverlay.swift */ = {isa = PBXFileReference; includeInIndex = 1; lastKnownFileType = sourcecode.swift; name = FaceLandmarksOverlay.swift; path = Shared/UI/FaceLandmarksOverlay.swift; sourceTree = "<group>"; };
		F8B70F0B959EC3FE26AE375A /* ResultsHistoryView.swift */ = {isa = PBXFileReference; includeInIndex = 1; lastKnownFileType = sourcecode.swift; name = ResultsHistoryView.swift; path = Features/Results/ResultsHistoryView.swift; sourceTree = "<group>"; };
		FC22071ADA2F86F23F0DB7E6 /* OnboardingView.swift */ = {isa = PBXFileReference; includeInIndex = 1; lastKnownFileType = sourcecode.swift; name = OnboardingView.swift; path = Features/Onboarding/OnboardingView.swift; sourceTree = "<group>"; };
		TaviApp /* Tavi.app */ = {isa = PBXFileReference; explicitFileType = wrapper.application; includeInIndex = 0; path = Tavi.app; sourceTree = BUILT_PRODUCTS_DIR; };
/* End PBXFileReference section */

/* Begin PBXFrameworksBuildPhase section */
		TaviFrameworks /* Frameworks */ = {
			isa = PBXFrameworksBuildPhase;
			buildActionMask = 2147483647;
			files = (
			);
			runOnlyForDeploymentPostprocessing = 0;
		};
/* End PBXFrameworksBuildPhase section */

/* Begin PBXGroup section */
		1F2A5D1F6EBFE934C7E09CE3 /* VisionKit */ = {
			isa = PBXGroup;
			children = (
				363E7A11D038CE86D5BBA7FD /* FaceAlignmentExample.swift */,
				940BE7238983731A270B4FE5 /* FaceDetector.swift */,
				75977CFD69737D1F047664D7 /* HeatmapGenerator.swift */,
				2DDAE783D98F744605993B48 /* ImageProcessing.swift */,
				858CE7659093DAB2D88FCB82 /* ROIBuilder.swift */,
				655137907D09ADAE0D8B5125 /* VisionAnalyzer.swift */,
			);
			name = VisionKit;
			sourceTree = "<group>";
		};
		22EAA928664CAEB27952C9AF /* CameraKit */ = {
			isa = PBXGroup;
			children = (
				C66EC095CFEBD1A62F9D8755 /* CameraManager.swift */,
				6D8CD00CE99E68EDEF99B5C4 /* CameraSession.swift */,
			);
			name = CameraKit;
			sourceTree = "<group>";
		};
		2B46E1C9FF964C5C410078E5 /* StorageKit */ = {
			isa = PBXGroup;
			children = (
				40D992ED294D025F0611FE1A /* PersistenceController.swift */,
				4D6A574EE79F95DE4771AE2F /* SessionResult.swift */,
				57BA24C69212721BFD23E7BC /* StorageManager.swift */,
			);
			name = StorageKit;
			sourceTree = "<group>";
		};
		434125C145CF11457A584FD0 /* ModelsKit */ = {
			isa = PBXGroup;
			children = (
				93F73D21D967A542F53A0986 /* CalibrationMetrics.swift */,
				15F19B71C21AE78FAFE3B238 /* DataModels.swift */,
				6583C8C7B7CD1CFBD9628CCE /* DeviceCapabilities.swift */,
				C7BA01FF3F3E5EB2FCD45644 /* FaceDetectionModels.swift */,
				129DF55C2A26D686A147DFB0 /* ROIModels.swift */,
			);
			name = ModelsKit;
			sourceTree = "<group>";
		};
		4A6008F308CA0A0FF6A31F0A /* FaceScan3D */ = {
			isa = PBXGroup;
			children = (
				F494884323DFF890E0F300AC /* Views */,
				A0BE6847561B49EB1DB5282A /* ViewModels */,
			);
			name = FaceScan3D;
			sourceTree = "<group>";
		};
		7B6823FC451B5BEDED5B1FF5 /* Debug */ = {
			isa = PBXGroup;
			children = (
				51E00EE4E2FDA9B8A3F41D0F /* DebugOverlayView.swift */,
				D78D8B316CB23CDC24985ABB /* DebugScreen.swift */,
				2897F496111551943C94C653 /* DebugViewModel.swift */,
				236B45B569B80ED889356114 /* HistogramView.swift */,
			);
			name = Debug;
			sourceTree = "<group>";
		};
		8132958C50DF340118F8EEDD /* Camera */ = {
			isa = PBXGroup;
			children = (
				4222151BC2673775D9BBCC37 /* CameraView.swift */,
				D355C52AE413AA1CE41382BA /* CameraViewModel.swift */,
				B82F926FC09A97E06DAF0455 /* CaptureController.swift */,
				0F0430D0449846700C45A3BF /* CaptureModels.swift */,
				4C28852ED4B7EF9B241CC81A /* SAVE_INTEGRATION_EXAMPLE.swift */,
			);
			name = Camera;
			sourceTree = "<group>";
		};
		902816BBADE9265F002877BB /* Onboarding */ = {
			isa = PBXGroup;
			children = (
				BC14F448127A6B3CBDCC64CD /* OnboardingModels.swift */,
				FC22071ADA2F86F23F0DB7E6 /* OnboardingView.swift */,
			);
			name = Onboarding;
			sourceTree = "<group>";
		};
		9146653F9A57AC55A32FFC09 /* Core */ = {
			isa = PBXGroup;
			children = (
				22EAA928664CAEB27952C9AF /* CameraKit */,
				93CBACD6B443708BB65A7318 /* HapticManager.swift */,
				AE9333CAF321CF9415C8F7D9 /* MetricsKit */,
				434125C145CF11457A584FD0 /* ModelsKit */,
				2B46E1C9FF964C5C410078E5 /* StorageKit */,
				1F2A5D1F6EBFE934C7E09CE3 /* VisionKit */,
			);
			name = Core;
			sourceTree = "<group>";
		};
		98476367DF90460A487BD539 /* Features */ = {
			isa = PBXGroup;
			children = (
				4A6008F308CA0A0FF6A31F0A /* FaceScan3D */,
			);
			name = Features;
			sourceTree = "<group>";
		};
		A0BE6847561B49EB1DB5282A /* ViewModels */ = {
			isa = PBXGroup;
			children = (
				32E9C2851A3397EED69A5216 /* FaceScan3DViewModel.swift */,
			);
			name = ViewModels;
			sourceTree = "<group>";
		};
		A936833844F3AE3C680C8E7F /* Shared */ = {
			isa = PBXGroup;
			children = (
				BA6B8CFD96641885F61A27F7 /* UI */,
			);
			name = Shared;
			sourceTree = "<group>";
		};
		AE9333CAF321CF9415C8F7D9 /* MetricsKit */ = {
			isa = PBXGroup;
			children = (
				4A2E9A1846B45343B1E18608 /* MetricsCalculator.swift */,
				D1F1C020EED5E45BF6DA965C /* MetricsComputer.swift */,
				524AF1E484DFC80DD5D15D14 /* MetricsModels.swift */,
				ACDADC842756924BFED1EE7C /* ScoringEngine.swift */,
				850363E49E1D6E72A8BDFEB6 /* ScoringModels.swift */,
			);
			name = MetricsKit;
			sourceTree = "<group>";
		};
		B74B13465C465277AE69F0A2 /* Settings */ = {
			isa = PBXGroup;
			children = (
				044D057B2332EE5AD613587E /* CaptureSettingsView.swift */,
				A8D38DFB0D332544215A60BB /* DeviceInfoView.swift */,
			);
			name = Settings;
			sourceTree = "<group>";
		};
		BA6B8CFD96641885F61A27F7 /* UI */ = {
			isa = PBXGroup;
			children = (
				B0940BB42E84B770B466CE52 /* CalibrationHUD.swift */,
				8A548F59135F13F2BFD33142 /* CaptureProgressView.swift */,
				3A7AE67C81902D02F8B5C22C /* CardView.swift */,
				D0BD86D4127142F047B93AE8 /* DesignSystem.swift */,
				F8333B7F46ED74A08F26C983 /* FaceLandmarksOverlay.swift */,
				5539BA74BEFEA8BA4CBFE199 /* HeatmapView.swift */,
				F485CFDFBB3BC5450141CECC /* LoadingOverlay.swift */,
				96CB7CC50A7792C8D726C5B5 /* LoadingView.swift */,
				01AEC82D71A1C81565BFFE22 /* MetricsResultView.swift */,
				5F48D69AAF2DC0D91FDD8538 /* PrimaryButton.swift */,
				7542B58465F8A1FD58CB4FAD /* ROIOverlay.swift */,
				0B94A9E3E893D23161EAF918 /* ScoreSummaryView.swift */,
			);
			name = UI;
			sourceTree = "<group>";
		};
		DF1FED96A13A2069A28D7355 /* Features */ = {
			isa = PBXGroup;
			children = (
				8132958C50DF340118F8EEDD /* Camera */,
				7B6823FC451B5BEDED5B1FF5 /* Debug */,
				902816BBADE9265F002877BB /* Onboarding */,
				F8BE7F21F829D416053CDCCA /* Results */,
				B74B13465C465277AE69F0A2 /* Settings */,
			);
			name = Features;
			sourceTree = "<group>";
		};
		F26EE79AEE3F8DEE65B3E851 /* Tavi */ = {
			isa = PBXGroup;
			children = (
				98476367DF90460A487BD539 /* Features */,
			);
			name = Tavi;
			sourceTree = "<group>";
		};
		F494884323DFF890E0F300AC /* Views */ = {
			isa = PBXGroup;
			children = (
				6354129B4D1A5E51EFEC268E /* Scan3DFlowView.swift */,
			);
			name = Views;
			sourceTree = "<group>";
		};
		F8BE7F21F829D416053CDCCA /* Results */ = {
			isa = PBXGroup;
			children = (
				5BB222BF68912FD4490F011F /* ResultsDetailView.swift */,
				F8B70F0B959EC3FE26AE375A /* ResultsHistoryView.swift */,
				DDFBCCE1C047A52FF6435BD3 /* ResultsView.swift */,
				1E02F0705EDBE5D446F56015 /* ResultsViewModel.swift */,
			);
			name = Results;
			sourceTree = "<group>";
		};
		MainGroup = {
			isa = PBXGroup;
			children = (
				TaviFolder /* Tavi */,
				ProductsGroup /* Products */,
				F26EE79AEE3F8DEE65B3E851 /* Tavi */,
			);
			sourceTree = "<group>";
		};
		ProductsGroup /* Products */ = {
			isa = PBXGroup;
			children = (
				TaviApp /* Tavi.app */,
			);
			name = Products;
			sourceTree = "<group>";
		};
		TaviFolder /* Tavi */ = {
			isa = PBXGroup;
			children = (
				2E3DBF285C5DADA52D928494 /* ContentView.swift */,
				9146653F9A57AC55A32FFC09 /* Core */,
				DF1FED96A13A2069A28D7355 /* Features */,
				A936833844F3AE3C680C8E7F /* Shared */,
				6443DBFB3E874CEA345DAA09 /* TaviApp.swift */,
				91F24005A2AE3DF899E6C6CD /* Assets.xcassets */,
				68F130A4D45C1971196D9FCE /* Info.plist */,
			);
			path = Tavi;
			sourceTree = "<group>";
		};
/* End PBXGroup section */

/* Begin PBXNativeTarget section */
		TaviTarget /* Tavi */ = {
			isa = PBXNativeTarget;
			buildConfigurationList = TaviBuildConfigList /* Build configuration list for PBXNativeTarget "Tavi" */;
			buildPhases = (
				TaviSourcesBuildPhase /* Sources */,
				TaviFrameworks /* Frameworks */,
				TaviResourcesBuildPhase /* Resources */,
			);
			buildRules = (
			);
			dependencies = (
			);
			name = Tavi;
			productName = Tavi;
			productReference = TaviApp /* Tavi.app */;
			productType = "com.apple.product-type.application";
		};
/* End PBXNativeTarget section */

/* Begin PBXProject section */
		TaviProject /* Project object */ = {
			isa = PBXProject;
			attributes = {
				BuildIndependentTargetsInParallel = 1;
				LastSwiftUpdateCheck = 1500;
				LastUpgradeCheck = 2600;
			};
			buildConfigurationList = TaviProjectBuildConfigList /* Build configuration list for PBXProject "Tavi" */;
			compatibilityVersion = "Xcode 14.0";
			developmentRegion = en;
			hasScannedForEncodings = 0;
			knownRegions = (
				en,
				Base,
			);
			mainGroup = MainGroup;
			productRefGroup = ProductsGroup /* Products */;
			projectDirPath = "";
			projectRoot = "";
			targets = (
				TaviTarget /* Tavi */,
			);
		};
/* End PBXProject section */

/* Begin PBXResourcesBuildPhase section */
		TaviResourcesBuildPhase /* Resources */ = {
			isa = PBXResourcesBuildPhase;
			buildActionMask = 2147483647;
			files = (
				387EA44D181C23B1D010F57E /* Assets.xcassets in Resources */,
			);
			runOnlyForDeploymentPostprocessing = 0;
		};
/* End PBXResourcesBuildPhase section */

/* Begin PBXSourcesBuildPhase section */
		TaviSourcesBuildPhase /* Sources */ = {
			isa = PBXSourcesBuildPhase;
			buildActionMask = 2147483647;
			files = (
				DCA2D368A17A58EA2523D961 /* ContentView.swift in Sources */,
				EE07F81193BA34EBD152B6E6 /* CameraManager.swift in Sources */,
				6DDC97E9E32E6B6358593362 /* CameraSession.swift in Sources */,
				ECF0CD0C869751BB662F5E00 /* HapticManager.swift in Sources */,
				6999EC11B2D82EC1CC734BFF /* MetricsCalculator.swift in Sources */,
				A7248E231FBEC16FEACD33F2 /* MetricsComputer.swift in Sources */,
				C4D7F365BC5437FEE3ABD5D6 /* MetricsModels.swift in Sources */,
				45BCBE6A7DA52C7B2BAB6395 /* ScoringEngine.swift in Sources */,
				D2D4A53B0B82A6412F7CC44C /* ScoringModels.swift in Sources */,
				2ED9F2B2947A78816B846090 /* CalibrationMetrics.swift in Sources */,
				7504BADD6ECD34889A0F6737 /* DataModels.swift in Sources */,
				E84A6732C4842F07FCBAEEEB /* DeviceCapabilities.swift in Sources */,
				85B225A1258741D81AB68D02 /* FaceDetectionModels.swift in Sources */,
				DB3C28F518ABEDD9216DD79F /* ROIModels.swift in Sources */,
				58FE0A48499B230BE011BCD9 /* PersistenceController.swift in Sources */,
				7C2B7278CEA7EED77B901CBE /* SessionResult.swift in Sources */,
				B771F8D37578BD7C2BB4475C /* StorageManager.swift in Sources */,
				9F58DC53D56DE8F1354D90C7 /* FaceAlignmentExample.swift in Sources */,
				3302E014AB46CE278CD4858A /* FaceDetector.swift in Sources */,
				E71AB09BBBA934371BEA00D2 /* HeatmapGenerator.swift in Sources */,
				2E2479735CE96DCA940D4218 /* ImageProcessing.swift in Sources */,
				33BB8CBC3FF0BB8AFC4DC249 /* ROIBuilder.swift in Sources */,
				424C1E78B6074B5FB05D9E58 /* VisionAnalyzer.swift in Sources */,
				301134FA87F16A1E1691883E /* CameraView.swift in Sources */,
				AC27BFE9B484F3551DD48872 /* CameraViewModel.swift in Sources */,
				57554CF79EDF5E81F37860FC /* CaptureController.swift in Sources */,
				83A8F967BF21517F32CFF3AF /* CaptureModels.swift in Sources */,
				EF5777CB4611A7035FC46478 /* SAVE_INTEGRATION_EXAMPLE.swift in Sources */,
				8813B4138B170C6E262B34BB /* DebugOverlayView.swift in Sources */,
				DD014A3B9DBA8EF93501F535 /* DebugScreen.swift in Sources */,
				9EF391F048FB0C7D04F96C11 /* DebugViewModel.swift in Sources */,
				D6DA4E3377BDEB966B7D25A8 /* HistogramView.swift in Sources */,
				78E23AE0422CAFF700B6F144 /* OnboardingModels.swift in Sources */,
				D940EC864FCFBCBA55334682 /* OnboardingView.swift in Sources */,
				7F9126A77A6AAFC4A0F8618E /* ResultsDetailView.swift in Sources */,
				631894B22B7998F6568F6BA5 /* ResultsHistoryView.swift in Sources */,
				09129BBDD50D366E174FB954 /* ResultsView.swift in Sources */,
				D148518AD0932CEC45C3AF44 /* ResultsViewModel.swift in Sources */,
				CC7B8C2E9C37F658BFC1565C /* CaptureSettingsView.swift in Sources */,
				5236B36733863D9CB42CE84F /* DeviceInfoView.swift in Sources */,
				08046D709D1679BC0C4CB058 /* CalibrationHUD.swift in Sources */,
				0ED64AD3BAAB17F35B9316BE /* CaptureProgressView.swift in Sources */,
				F93057A1D3437BEA8EAD954A /* CardView.swift in Sources */,
				8A6633F3F2376A2A63F34A71 /* DesignSystem.swift in Sources */,
				44B6FB58E9211641FD035B01 /* FaceLandmarksOverlay.swift in Sources */,
				990193BB8504384EF751D4BA /* HeatmapView.swift in Sources */,
				9DD7BCCC75BCB878095E8458 /* LoadingOverlay.swift in Sources */,
				9E73F4E37A9B33D97D02F497 /* LoadingView.swift in Sources */,
				27A3431DCE9C2704F143E615 /* MetricsResultView.swift in Sources */,
				C05D2B5B5A458222F45C83A6 /* PrimaryButton.swift in Sources */,
				4834252F636D33EA07325745 /* ROIOverlay.swift in Sources */,
				4D0C9F7273A1A576CDCEA25F /* ScoreSummaryView.swift in Sources */,
				AE30DDFCA04D41E27B0F6C53 /* TaviApp.swift in Sources */,
				D9557E68BD1C052EFC6A8B44 /* Scan3DFlowView.swift in Sources */,
				C6C6A38054F9EB9262A0734C /* FaceScan3DViewModel.swift in Sources */,
			);
			runOnlyForDeploymentPostprocessing = 0;
		};
/* End PBXSourcesBuildPhase section */

/* Begin XCBuildConfiguration section */
		ProjectDebugConfig /* Debug */ = {
			isa = XCBuildConfiguration;
			buildSettings = {
				ALWAYS_SEARCH_USER_PATHS = NO;
				ASSETCATALOG_COMPILER_GENERATE_SWIFT_ASSET_SYMBOL_EXTENSIONS = YES;
				CLANG_ANALYZER_NONNULL = YES;
				CLANG_ANALYZER_NUMBER_OBJECT_CONVERSION = YES_AGGRESSIVE;
				CLANG_CXX_LANGUAGE_STANDARD = "gnu++20";
				CLANG_ENABLE_MODULES = YES;
				CLANG_ENABLE_OBJC_ARC = YES;
				CLANG_ENABLE_OBJC_WEAK = YES;
				CLANG_WARN_BLOCK_CAPTURE_AUTORELEASING = YES;
				CLANG_WARN_BOOL_CONVERSION = YES;
				CLANG_WARN_COMMA = YES;
				CLANG_WARN_CONSTANT_CONVERSION = YES;
				CLANG_WARN_DEPRECATED_OBJC_IMPLEMENTATIONS = YES;
				CLANG_WARN_DIRECT_OBJC_ISA_USAGE = YES_ERROR;
				CLANG_WARN_DOCUMENTATION_COMMENTS = YES;
				CLANG_WARN_EMPTY_BODY = YES;
				CLANG_WARN_ENUM_CONVERSION = YES;
				CLANG_WARN_INFINITE_RECURSION = YES;
				CLANG_WARN_INT_CONVERSION = YES;
				CLANG_WARN_NON_LITERAL_NULL_CONVERSION = YES;
				CLANG_WARN_OBJC_IMPLICIT_RETAIN_SELF = YES;
				CLANG_WARN_OBJC_LITERAL_CONVERSION = YES;
				CLANG_WARN_OBJC_ROOT_CLASS = YES_ERROR;
				CLANG_WARN_QUOTED_INCLUDE_IN_FRAMEWORK_HEADER = YES;
				CLANG_WARN_RANGE_LOOP_ANALYSIS = YES;
				CLANG_WARN_STRICT_PROTOTYPES = YES;
				CLANG_WARN_SUSPICIOUS_MOVE = YES;
				CLANG_WARN_UNGUARDED_AVAILABILITY = YES_AGGRESSIVE;
				CLANG_WARN_UNREACHABLE_CODE = YES;
				CLANG_WARN__DUPLICATE_METHOD_MATCH = YES;
				COPY_PHASE_STRIP = NO;
				DEBUG_INFORMATION_FORMAT = dwarf;
				ENABLE_STRICT_OBJC_MSGSEND = YES;
				ENABLE_TESTABILITY = YES;
				ENABLE_USER_SCRIPT_SANDBOXING = YES;
				GCC_C_LANGUAGE_STANDARD = gnu11;
				GCC_DYNAMIC_NO_PIC = NO;
				GCC_NO_COMMON_BLOCKS = YES;
				GCC_OPTIMIZATION_LEVEL = 0;
				GCC_PREPROCESSOR_DEFINITIONS = (
					"DEBUG=1",
					"$(inherited)",
				);
				GCC_WARN_64_TO_32_BIT_CONVERSION = YES;
				GCC_WARN_ABOUT_RETURN_TYPE = YES_ERROR;
				GCC_WARN_UNDECLARED_SELECTOR = YES;
				GCC_WARN_UNINITIALIZED_AUTOS = YES_AGGRESSIVE;
				GCC_WARN_UNUSED_FUNCTION = YES;
				GCC_WARN_UNUSED_VARIABLE = YES;
				IPHONEOS_DEPLOYMENT_TARGET = 16.0;
				MTL_ENABLE_DEBUG_INFO = INCLUDE_SOURCE;
				MTL_FAST_MATH = YES;
				ONLY_ACTIVE_ARCH = YES;
				SDKROOT = iphoneos;
				STRING_CATALOG_GENERATE_SYMBOLS = YES;
				SWIFT_ACTIVE_COMPILATION_CONDITIONS = DEBUG;
				SWIFT_OPTIMIZATION_LEVEL = "-Onone";
			};
			name = Debug;
		};
		ProjectReleaseConfig /* Release */ = {
			isa = XCBuildConfiguration;
			buildSettings = {
				ALWAYS_SEARCH_USER_PATHS = NO;
				ASSETCATALOG_COMPILER_GENERATE_SWIFT_ASSET_SYMBOL_EXTENSIONS = YES;
				CLANG_ANALYZER_NONNULL = YES;
				CLANG_ANALYZER_NUMBER_OBJECT_CONVERSION = YES_AGGRESSIVE;
				CLANG_CXX_LANGUAGE_STANDARD = "gnu++20";
				CLANG_ENABLE_MODULES = YES;
				CLANG_ENABLE_OBJC_ARC = YES;
				CLANG_ENABLE_OBJC_WEAK = YES;
				CLANG_WARN_BLOCK_CAPTURE_AUTORELEASING = YES;
				CLANG_WARN_BOOL_CONVERSION = YES;
				CLANG_WARN_COMMA = YES;
				CLANG_WARN_CONSTANT_CONVERSION = YES;
				CLANG_WARN_DEPRECATED_OBJC_IMPLEMENTATIONS = YES;
				CLANG_WARN_DIRECT_OBJC_ISA_USAGE = YES_ERROR;
				CLANG_WARN_DOCUMENTATION_COMMENTS = YES;
				CLANG_WARN_EMPTY_BODY = YES;
				CLANG_WARN_ENUM_CONVERSION = YES;
				CLANG_WARN_INFINITE_RECURSION = YES;
				CLANG_WARN_INT_CONVERSION = YES;
				CLANG_WARN_NON_LITERAL_NULL_CONVERSION = YES;
				CLANG_WARN_OBJC_IMPLICIT_RETAIN_SELF = YES;
				CLANG_WARN_OBJC_LITERAL_CONVERSION = YES;
				CLANG_WARN_OBJC_ROOT_CLASS = YES_ERROR;
				CLANG_WARN_QUOTED_INCLUDE_IN_FRAMEWORK_HEADER = YES;
				CLANG_WARN_RANGE_LOOP_ANALYSIS = YES;
				CLANG_WARN_STRICT_PROTOTYPES = YES;
				CLANG_WARN_SUSPICIOUS_MOVE = YES;
				CLANG_WARN_UNGUARDED_AVAILABILITY = YES_AGGRESSIVE;
				CLANG_WARN_UNREACHABLE_CODE = YES;
				CLANG_WARN__DUPLICATE_METHOD_MATCH = YES;
				COPY_PHASE_STRIP = NO;
				DEBUG_INFORMATION_FORMAT = "dwarf-with-dsym";
				ENABLE_NS_ASSERTIONS = NO;
				ENABLE_STRICT_OBJC_MSGSEND = YES;
				ENABLE_USER_SCRIPT_SANDBOXING = YES;
				GCC_C_LANGUAGE_STANDARD = gnu11;
				GCC_NO_COMMON_BLOCKS = YES;
				GCC_WARN_64_TO_32_BIT_CONVERSION = YES;
				GCC_WARN_ABOUT_RETURN_TYPE = YES_ERROR;
				GCC_WARN_UNDECLARED_SELECTOR = YES;
				GCC_WARN_UNINITIALIZED_AUTOS = YES_AGGRESSIVE;
				GCC_WARN_UNUSED_FUNCTION = YES;
				GCC_WARN_UNUSED_VARIABLE = YES;
				IPHONEOS_DEPLOYMENT_TARGET = 16.0;
				MTL_ENABLE_DEBUG_INFO = NO;
				MTL_FAST_MATH = YES;
				SDKROOT = iphoneos;
				STRING_CATALOG_GENERATE_SYMBOLS = YES;
				SWIFT_COMPILATION_MODE = wholemodule;
				SWIFT_OPTIMIZATION_LEVEL = "-O";
				VALIDATE_PRODUCT = YES;
			};
			name = Release;
		};
		TaviDebugConfig /* Debug */ = {
			isa = XCBuildConfiguration;
			buildSettings = {
				ASSETCATALOG_COMPILER_APPICON_NAME = AppIcon;
				ASSETCATALOG_COMPILER_GLOBAL_ACCENT_COLOR_NAME = AccentColor;
				CODE_SIGN_STYLE = Automatic;
				CURRENT_PROJECT_VERSION = 1;
				DEVELOPMENT_TEAM = ZS3P263892;
				INFOPLIST_FILE = Tavi/Info.plist;
				INFOPLIST_KEY_UIApplicationSceneManifest_Generation = YES;
				INFOPLIST_KEY_UIApplicationSupportsIndirectInputEvents = YES;
				INFOPLIST_KEY_UILaunchScreen_Generation = YES;
				INFOPLIST_KEY_UISupportedInterfaceOrientations = "UIInterfaceOrientationPortrait UIInterfaceOrientationLandscapeLeft UIInterfaceOrientationLandscapeRight";
				INFOPLIST_KEY_UISupportedInterfaceOrientations_iPad = "UIInterfaceOrientationPortrait UIInterfaceOrientationPortraitUpsideDown UIInterfaceOrientationLandscapeLeft UIInterfaceOrientationLandscapeRight";
				IPHONEOS_DEPLOYMENT_TARGET = 16.0;
				LD_RUNPATH_SEARCH_PATHS = (
					"$(inherited)",
					"@executable_path/Frameworks",
				);
				MARKETING_VERSION = 1.0;
				PRODUCT_BUNDLE_IDENTIFIER = com.tavi.app;
				PRODUCT_NAME = "$(TARGET_NAME)";
				SWIFT_EMIT_LOC_STRINGS = YES;
				SWIFT_VERSION = 5.0;
				TARGETED_DEVICE_FAMILY = "1,2";
			};
			name = Debug;
		};
		TaviReleaseConfig /* Release */ = {
			isa = XCBuildConfiguration;
			buildSettings = {
				ASSETCATALOG_COMPILER_APPICON_NAME = AppIcon;
				ASSETCATALOG_COMPILER_GLOBAL_ACCENT_COLOR_NAME = AccentColor;
				CODE_SIGN_STYLE = Automatic;
				CURRENT_PROJECT_VERSION = 1;
				DEVELOPMENT_TEAM = ZS3P263892;
				INFOPLIST_FILE = Tavi/Info.plist;
				INFOPLIST_KEY_UIApplicationSceneManifest_Generation = YES;
				INFOPLIST_KEY_UIApplicationSupportsIndirectInputEvents = YES;
				INFOPLIST_KEY_UILaunchScreen_Generation = YES;
				INFOPLIST_KEY_UISupportedInterfaceOrientations = "UIInterfaceOrientationPortrait UIInterfaceOrientationLandscapeLeft UIInterfaceOrientationLandscapeRight";
				INFOPLIST_KEY_UISupportedInterfaceOrientations_iPad = "UIInterfaceOrientationPortrait UIInterfaceOrientationPortraitUpsideDown UIInterfaceOrientationLandscapeLeft UIInterfaceOrientationLandscapeRight";
				IPHONEOS_DEPLOYMENT_TARGET = 16.0;
				LD_RUNPATH_SEARCH_PATHS = (
					"$(inherited)",
					"@executable_path/Frameworks",
				);
				MARKETING_VERSION = 1.0;
				PRODUCT_BUNDLE_IDENTIFIER = com.tavi.app;
				PRODUCT_NAME = "$(TARGET_NAME)";
				SWIFT_EMIT_LOC_STRINGS = YES;
				SWIFT_VERSION = 5.0;
				TARGETED_DEVICE_FAMILY = "1,2";
			};
			name = Release;
		};
/* End XCBuildConfiguration section */

/* Begin XCConfigurationList section */
		TaviBuildConfigList /* Build configuration list for PBXNativeTarget "Tavi" */ = {
			isa = XCConfigurationList;
			buildConfigurations = (
				TaviDebugConfig /* Debug */,
				TaviReleaseConfig /* Release */,
			);
			defaultConfigurationIsVisible = 0;
			defaultConfigurationName = Release;
		};
		TaviProjectBuildConfigList /* Build configuration list for PBXProject "Tavi" */ = {
			isa = XCConfigurationList;
			buildConfigurations = (
				ProjectDebugConfig /* Debug */,
				ProjectReleaseConfig /* Release */,
			);
			defaultConfigurationIsVisible = 0;
			defaultConfigurationName = Release;
		};
/* End XCConfigurationList section */
	};
	rootObject = TaviProject /* Project object */;
}
